
Microsoft Visual Studio Solution File, Format Version 11.00
# Visual Studio 2010
# SharpDevelop 4.4
Project("{2150E333-8FDC-42A3-9474-1A3956D46DE8}") = "Компоненты решения", "Компоненты решения", "{0175820E-F95D-4DE1-A755-420EFA741271}"
	ProjectSection(SolutionItems) = postProject
		E:\фото для проекта ещё\5.jpg = E:\фото для проекта ещё\5.jpg
		E:\фото для проекта ещё\5965895_xlarge.jpg = E:\фото для проекта ещё\5965895_xlarge.jpg
		E:\фото для проекта ещё\cvetnye_karandashi_karandashi_polukrug_yarkie_krasochnye_11035_1280x960.jpg = E:\фото для проекта ещё\cvetnye_karandashi_karandashi_polukrug_yarkie_krasochnye_11035_1280x960.jpg
		E:\фото для проекта ещё\oboik.ru_201002191449518758.jpg = E:\фото для проекта ещё\oboik.ru_201002191449518758.jpg
		..\..\Users\Admin\Desktop\КНИГИ для ПО\АУДИО\kak_tebj_zovut.wav.wav = ..\..\Users\Admin\Desktop\КНИГИ для ПО\АУДИО\kak_tebj_zovut.wav.wav
		..\..\Users\Admin\Desktop\КНИГИ для ПО\АУДИО\Napishi_mne_svojo_imj.wav = ..\..\Users\Admin\Desktop\КНИГИ для ПО\АУДИО\Napishi_mne_svojo_imj.wav
		..\..\Users\Admin\Desktop\КНИГИ для ПО\АУДИО\Viberi_zadanie.wav = ..\..\Users\Admin\Desktop\КНИГИ для ПО\АУДИО\Viberi_zadanie.wav
		..\..\Users\Admin\Desktop\КНИГИ для ПО\АУДИО\Reshi_primeri.wav = ..\..\Users\Admin\Desktop\КНИГИ для ПО\АУДИО\Reshi_primeri.wav
		..\..\Users\Admin\Desktop\КНИГИ для ПО\АУДИО\Kakoe_shislo_vstavit_v_kvadrat.wav = ..\..\Users\Admin\Desktop\КНИГИ для ПО\АУДИО\Kakoe_shislo_vstavit_v_kvadrat.wav
		..\..\Users\Admin\Desktop\КНИГИ для ПО\АУДИО\Kakoe_shislo_bolshe.wav = ..\..\Users\Admin\Desktop\КНИГИ для ПО\АУДИО\Kakoe_shislo_bolshe.wav
		..\..\Users\Admin\Desktop\КНИГИ для ПО\АУДИО\Pozdravlau.wav = ..\..\Users\Admin\Desktop\КНИГИ для ПО\АУДИО\Pozdravlau.wav
		..\..\Users\Admin\Desktop\КНИГИ для ПО\DxmXfyXXgAEj3QO.jpg = ..\..\Users\Admin\Desktop\КНИГИ для ПО\DxmXfyXXgAEj3QO.jpg
	EndProjectSection
EndProject
Project("{FAE04EC0-301F-11D3-BF4B-00C04F79EFBC}") = "Дошкольная подготовка по математике", "Дошкольная подготовка по математике\Дошкольная подготовка по математике.csproj", "{1F6BBE44-71FB-468C-AE51-F1D3861A70E1}"
EndProject
Global
	GlobalSection(SolutionConfigurationPlatforms) = preSolution
		Debug|Any CPU = Debug|Any CPU
		Release|Any CPU = Release|Any CPU
	EndGlobalSection
	GlobalSection(ProjectConfigurationPlatforms) = postSolution
		{1F6BBE44-71FB-468C-AE51-F1D3861A70E1}.Debug|Any CPU.Build.0 = Debug|Any CPU
		{1F6BBE44-71FB-468C-AE51-F1D3861A70E1}.Debug|Any CPU.ActiveCfg = Debug|Any CPU
		{1F6BBE44-71FB-468C-AE51-F1D3861A70E1}.Release|Any CPU.Build.0 = Release|Any CPU
		{1F6BBE44-71FB-468C-AE51-F1D3861A70E1}.Release|Any CPU.ActiveCfg = Release|Any CPU
	EndGlobalSection
EndGlobal
